
Microsoft Visual Studio Solution File, Format Version 12.00
# Visual Studio Version 17
VisualStudioVersion = 17.14.36408.4 d17.14
MinimumVisualStudioVersion = 10.0.40219.1
Project("{FAE04EC0-301F-11D3-BF4B-00C04F79EFBC}") = "MapMaker", "MapMaker.csproj", "{CE3403CD-EEFC-4C8B-BD88-78F561B66302}"
EndProject
Global
	GlobalSection(SolutionConfigurationPlatforms) = preSolution
		Debug|Any CPU = Debug|Any CPU
		Release|Any CPU = Release|Any CPU
	EndGlobalSection
	GlobalSection(ProjectConfigurationPlatforms) = postSolution
		{CE3403CD-EEFC-4C8B-BD88-78F561B66302}.Debug|Any CPU.ActiveCfg = Debug|Any CPU
		{CE3403CD-EEFC-4C8B-BD88-78F561B66302}.Debug|Any CPU.Build.0 = Debug|Any CPU
		{CE3403CD-EEFC-4C8B-BD88-78F561B66302}.Release|Any CPU.ActiveCfg = Release|Any CPU
		{CE3403CD-EEFC-4C8B-BD88-78F561B66302}.Release|Any CPU.Build.0 = Release|Any CPU
	EndGlobalSection
	GlobalSection(SolutionProperties) = preSolution
		HideSolutionNode = FALSE
	EndGlobalSection
	GlobalSection(ExtensibilityGlobals) = postSolution
		SolutionGuid = {208FD240-8D4A-47DA-BF76-660AC7D3CBBE}
	EndGlobalSection
EndGlobal
